github.com/driftmapper/protocol v0.9.1 h1:QXX3el1jYfBHHJjpzkJBjU32Qt+6Sn1Z+Cfdwb2iagE=
github.com/driftmapper/protocol v0.9.1/go.mod h1:GnExj2ZevcTrru7gjm40j8yZtnaAgKWsPelBvp/d260=
github.com/driftmapper/protocol v0.9.2-0.20260823024616-147102768002 h1:NiRv7+0DOiEZFc7hk05gXXueh+U9pi6cCiesvOGRSb8=
github.com/driftmapper/protocol v0.9.2-0.20260823024616-147102768002/go.mod h1:GnExj2ZevcTrru7gjm40j8yZtnaAgKWsPelBvp/d260=
github.com/driftmapper/protocol v0.10.0 h1:I/MIdIwp5Ny1RaZBw+gBdMzdv/SS3sEK9c3ayHnsQ+s=
github.com/driftmapper/protocol v0.10.0/go.mod h1:GnExj2ZevcTrru7gjm40j8yZtnaAgKWsPelBvp/d260=
