{
  "name": "driftmapper",
  "version": "0.0.0",
  "lockfileVersion": 3,
  "requires": true,
  "packages": {
    "": {
      "name": "driftmapper",
      "version": "0.0.0",
      "license": "Apache-2.0",
      "dependencies": {
        "@driftmapper/cli": "0.0.0"
      },
      "bin": {
        "driftmapper": "bin/index.js"
      },
      "engines": {
        "node": ">=18"
      }
    },
    "node_modules/@driftmapper/cli": {
      "version": "0.0.0",
      "resolved": "https://registry.npmjs.org/@driftmapper/cli/-/cli-0.0.0.tgz",
      "integrity": "sha512-aXJlb7zrwRdkaZnsp5oWwdvO7FmjxZeApHeyrcDxYVSqGQNQ/9n0rqM9ff50Yv2rEQh3Fn51ZeOLmp25qlpmGA==",
      "license": "Apache-2.0",
      "os": [
        "darwin",
        "linux",
        "win32"
      ],
      "bin": {
        "driftmapper": "bin/index.js"
      },
      "engines": {
        "node": ">=18"
      },
      "optionalDependencies": {
        "@driftmapper/cli-darwin-arm64": "0.0.0",
        "@driftmapper/cli-darwin-x64": "0.0.0",
        "@driftmapper/cli-linux-arm64": "0.0.0",
        "@driftmapper/cli-linux-x64": "0.0.0",
        "@driftmapper/cli-win32-arm64": "0.0.0",
        "@driftmapper/cli-win32-x64": "0.0.0"
      }
    },
    "node_modules/@driftmapper/cli-darwin-arm64": {
      "version": "0.0.0",
      "resolved": "https://registry.npmjs.org/@driftmapper/cli-darwin-arm64/-/cli-darwin-arm64-0.0.0.tgz",
      "integrity": "sha512-2zinBZHF2yY7gl+nWcEZ9pvIm/fty/+n1yWmAwCwR9n2aUJzCS4yaCjheoAT3RpRLxEdKyOTrXleVrf/wjCYsA==",
      "cpu": [
        "arm64"
      ],
      "license": "Apache-2.0",
      "optional": true,
      "os": [
        "darwin"
      ]
    },
    "node_modules/@driftmapper/cli-darwin-x64": {
      "version": "0.0.0",
      "resolved": "https://registry.npmjs.org/@driftmapper/cli-darwin-x64/-/cli-darwin-x64-0.0.0.tgz",
      "integrity": "sha512-II1Tp5JxybK44XcHMaNmsYiF+4LVEHJiR1SaJH0L9dFR2dN0iElWm4ohbGDdi3m82wl4eURoTMY+excPtexmvw==",
      "cpu": [
        "x64"
      ],
      "license": "Apache-2.0",
      "optional": true,
      "os": [
        "darwin"
      ]
    },
    "node_modules/@driftmapper/cli-linux-arm64": {
      "version": "0.0.0",
      "resolved": "https://registry.npmjs.org/@driftmapper/cli-linux-arm64/-/cli-linux-arm64-0.0.0.tgz",
      "integrity": "sha512-1EawClHIBiY0isdYXesKyMdX7gDRoQAwOG8oiITo8cvneKIR0zZyZmGk+j/7wfD77kck/lnosXp7EwFbOz7L1g==",
      "cpu": [
        "arm64"
      ],
      "license": "Apache-2.0",
      "optional": true,
      "os": [
        "linux"
      ]
    },
    "node_modules/@driftmapper/cli-linux-x64": {
      "version": "0.0.0",
      "resolved": "https://registry.npmjs.org/@driftmapper/cli-linux-x64/-/cli-linux-x64-0.0.0.tgz",
      "integrity": "sha512-xi5/CWTfw1c59TGpwnc9LoDIJcofdvPCcfhWvXcB48KU7DuRRkuL9M2zVnr/jyMFwEz4xfpCmKZtnNd5AYXvKg==",
      "cpu": [
        "x64"
      ],
      "license": "Apache-2.0",
      "optional": true,
      "os": [
        "linux"
      ]
    },
    "node_modules/@driftmapper/cli-win32-arm64": {
      "version": "0.0.0",
      "resolved": "https://registry.npmjs.org/@driftmapper/cli-win32-arm64/-/cli-win32-arm64-0.0.0.tgz",
      "integrity": "sha512-BSQiV2Vxr2aEAxq6xoOg+TVFhoVJrvYui6EaPJE1tpdhi6EFgjJy5D1hyLOCKch92pjuuDemtKvHCvGyjwG0WA==",
      "cpu": [
        "arm64"
      ],
      "license": "Apache-2.0",
      "optional": true,
      "os": [
        "win32"
      ]
    },
    "node_modules/@driftmapper/cli-win32-x64": {
      "version": "0.0.0",
      "resolved": "https://registry.npmjs.org/@driftmapper/cli-win32-x64/-/cli-win32-x64-0.0.0.tgz",
      "integrity": "sha512-zUmgN6oLwFHhqJrExQu6YVKUIMv439B9a3CjfESU+Hrg6914xT6lctyMRQgat3oIXPvSbQtDUoKhlZYSf22laQ==",
      "cpu": [
        "x64"
      ],
      "license": "Apache-2.0",
      "optional": true,
      "os": [
        "win32"
      ]
    }
  }
}
